
Microsoft Visual Studio Solution File, Format Version 12.00
# Visual Studio 2015
Project("{FAE04EC0-301F-11D3-BF4B-00C04F79EFBC}") = "A world apart", "A world apart.csproj", "{804522DC-9D32-55E5-F635-911271983D43}"
EndProject
Project("{FAE04EC0-301F-11D3-BF4B-00C04F79EFBC}") = "A world apart.Editor", "A world apart.Editor.csproj", "{C1921E32-5935-2EFC-BA2F-5B0D6D93D007}"
EndProject
Global
	GlobalSection(SolutionConfigurationPlatforms) = preSolution
		Debug|Any CPU = Debug|Any CPU
		Release|Any CPU = Release|Any CPU
	EndGlobalSection
	GlobalSection(ProjectConfigurationPlatforms) = postSolution
		{804522DC-9D32-55E5-F635-911271983D43}.Debug|Any CPU.ActiveCfg = Debug|Any CPU
		{804522DC-9D32-55E5-F635-911271983D43}.Debug|Any CPU.Build.0 = Debug|Any CPU
		{804522DC-9D32-55E5-F635-911271983D43}.Release|Any CPU.ActiveCfg = Release|Any CPU
		{804522DC-9D32-55E5-F635-911271983D43}.Release|Any CPU.Build.0 = Release|Any CPU
		{C1921E32-5935-2EFC-BA2F-5B0D6D93D007}.Debug|Any CPU.ActiveCfg = Debug|Any CPU
		{C1921E32-5935-2EFC-BA2F-5B0D6D93D007}.Debug|Any CPU.Build.0 = Debug|Any CPU
		{C1921E32-5935-2EFC-BA2F-5B0D6D93D007}.Release|Any CPU.ActiveCfg = Release|Any CPU
		{C1921E32-5935-2EFC-BA2F-5B0D6D93D007}.Release|Any CPU.Build.0 = Release|Any CPU
	EndGlobalSection
	GlobalSection(SolutionProperties) = preSolution
		HideSolutionNode = FALSE
	EndGlobalSection
EndGlobal
